// !$*UTF8*$!
{
	archiveVersion = 1;
	classes = {
	};
	objectVersion = 51;
	objects = {

/* Begin PBXBuildFile section */
		1596E457D5D9BC069DE48480 /* Pods_Navi.framework in Frameworks */ = {isa = PBXBuildFile; fileRef = 07E29EB163B1B24981EFE14B /* Pods_Navi.framework */; };
		31476529D91005978D66292A /* Pods_NaviTests.framework in Frameworks */ = {isa = PBXBuildFile; fileRef = B3EAB1024204B5F6382A4BEC /* Pods_NaviTests.framework */; };
		857A68152504AB180049E395 /* DateUtility.swift in Sources */ = {isa = PBXBuildFile; fileRef = 857A68142504AB180049E395 /* DateUtility.swift */; };
		857A681A2504EFD10049E395 /* NetworkService.swift in Sources */ = {isa = PBXBuildFile; fileRef = 857A68192504EFD10049E395 /* NetworkService.swift */; };
		857A681C2504F31D0049E395 /* AvatarNetworkService.swift in Sources */ = {isa = PBXBuildFile; fileRef = 857A681B2504F31D0049E395 /* AvatarNetworkService.swift */; };
		857A681F2504FB850049E395 /* UIImage+Extension.swift in Sources */ = {isa = PBXBuildFile; fileRef = 857A681E2504FB850049E395 /* UIImage+Extension.swift */; };
		85896A232503A0BB0000BC3F /* UIView+Extension.swift in Sources */ = {isa = PBXBuildFile; fileRef = 85896A222503A0BB0000BC3F /* UIView+Extension.swift */; };
		85896A252503B9800000BC3F /* PRResponseModel.swift in Sources */ = {isa = PBXBuildFile; fileRef = 85896A242503B9800000BC3F /* PRResponseModel.swift */; };
		85896A272503BBB50000BC3F /* Constants.swift in Sources */ = {isa = PBXBuildFile; fileRef = 85896A262503BBB50000BC3F /* Constants.swift */; };
		85896A292503BBDA0000BC3F /* EndPoint.swift in Sources */ = {isa = PBXBuildFile; fileRef = 85896A282503BBDA0000BC3F /* EndPoint.swift */; };
		85896A2B2503BC680000BC3F /* PRRequestModel.swift in Sources */ = {isa = PBXBuildFile; fileRef = 85896A2A2503BC680000BC3F /* PRRequestModel.swift */; };
		85D076D6250357CC001F8641 /* AppDelegate.swift in Sources */ = {isa = PBXBuildFile; fileRef = 85D076D5250357CC001F8641 /* AppDelegate.swift */; };
		85D076D8250357CC001F8641 /* SceneDelegate.swift in Sources */ = {isa = PBXBuildFile; fileRef = 85D076D7250357CC001F8641 /* SceneDelegate.swift */; };
		85D076DD250357CC001F8641 /* Main.storyboard in Resources */ = {isa = PBXBuildFile; fileRef = 85D076DB250357CC001F8641 /* Main.storyboard */; };
		85D076DF250357CE001F8641 /* Assets.xcassets in Resources */ = {isa = PBXBuildFile; fileRef = 85D076DE250357CE001F8641 /* Assets.xcassets */; };
		85D076E2250357CE001F8641 /* LaunchScreen.storyboard in Resources */ = {isa = PBXBuildFile; fileRef = 85D076E0250357CE001F8641 /* LaunchScreen.storyboard */; };
		85D076ED250357CE001F8641 /* NaviTests.swift in Sources */ = {isa = PBXBuildFile; fileRef = 85D076EC250357CE001F8641 /* NaviTests.swift */; };
		85D076F8250357CE001F8641 /* NaviUITests.swift in Sources */ = {isa = PBXBuildFile; fileRef = 85D076F7250357CE001F8641 /* NaviUITests.swift */; };
		85D0770825035D2C001F8641 /* PRListViewController.swift in Sources */ = {isa = PBXBuildFile; fileRef = 85D0770725035D2C001F8641 /* PRListViewController.swift */; };
		85F80E502503991700A8B890 /* PRCell.swift in Sources */ = {isa = PBXBuildFile; fileRef = 85F80E4E2503991700A8B890 /* PRCell.swift */; };
		85F80E512503991700A8B890 /* PRCell.xib in Resources */ = {isa = PBXBuildFile; fileRef = 85F80E4F2503991700A8B890 /* PRCell.xib */; };
		85F80E542503993A00A8B890 /* PRListPresenter.swift in Sources */ = {isa = PBXBuildFile; fileRef = 85F80E532503993A00A8B890 /* PRListPresenter.swift */; };
		85F80E572503996D00A8B890 /* PRListNetworkService.swift in Sources */ = {isa = PBXBuildFile; fileRef = 85F80E562503996D00A8B890 /* PRListNetworkService.swift */; };
		93AB32CA492B4BDF204A6957 /* Pods_Navi_NaviUITests.framework in Frameworks */ = {isa = PBXBuildFile; fileRef = 9B79D161FD6A728FDF25B8CF /* Pods_Navi_NaviUITests.framework */; };
/* End PBXBuildFile section */

/* Begin PBXContainerItemProxy section */
		85D076E9250357CE001F8641 /* PBXContainerItemProxy */ = {
			isa = PBXContainerItemProxy;
			containerPortal = 85D076CA250357CC001F8641 /* Project object */;
			proxyType = 1;
			remoteGlobalIDString = 85D076D1250357CC001F8641;
			remoteInfo = Navi;
		};
		85D076F4250357CE001F8641 /* PBXContainerItemProxy */ = {
			isa = PBXContainerItemProxy;
			containerPortal = 85D076CA250357CC001F8641 /* Project object */;
			proxyType = 1;
			remoteGlobalIDString = 85D076D1250357CC001F8641;
			remoteInfo = Navi;
		};
/* End PBXContainerItemProxy section */

/* Begin PBXFileReference section */
		07E29EB163B1B24981EFE14B /* Pods_Navi.framework */ = {isa = PBXFileReference; explicitFileType = wrapper.framework; includeInIndex = 0; path = Pods_Navi.framework; sourceTree = BUILT_PRODUCTS_DIR; };
		129B41E0A4A15F7BE9BBD177 /* Pods-Navi-NaviUITests.release.xcconfig */ = {isa = PBXFileReference; includeInIndex = 1; lastKnownFileType = text.xcconfig; name = "Pods-Navi-NaviUITests.release.xcconfig"; path = "Target Support Files/Pods-Navi-NaviUITests/Pods-Navi-NaviUITests.release.xcconfig"; sourceTree = "<group>"; };
		2D2D49058A797B4AADBD279A /* Pods-Navi.debug.xcconfig */ = {isa = PBXFileReference; includeInIndex = 1; lastKnownFileType = text.xcconfig; name = "Pods-Navi.debug.xcconfig"; path = "Target Support Files/Pods-Navi/Pods-Navi.debug.xcconfig"; sourceTree = "<group>"; };
		5B3AEFF4DE5E6549F655963C /* Pods-Navi.release.xcconfig */ = {isa = PBXFileReference; includeInIndex = 1; lastKnownFileType = text.xcconfig; name = "Pods-Navi.release.xcconfig"; path = "Target Support Files/Pods-Navi/Pods-Navi.release.xcconfig"; sourceTree = "<group>"; };
		857A68142504AB180049E395 /* DateUtility.swift */ = {isa = PBXFileReference; lastKnownFileType = sourcecode.swift; path = DateUtility.swift; sourceTree = "<group>"; };
		857A68192504EFD10049E395 /* NetworkService.swift */ = {isa = PBXFileReference; lastKnownFileType = sourcecode.swift; path = NetworkService.swift; sourceTree = "<group>"; };
		857A681B2504F31D0049E395 /* AvatarNetworkService.swift */ = {isa = PBXFileReference; lastKnownFileType = sourcecode.swift; path = AvatarNetworkService.swift; sourceTree = "<group>"; };
		857A681E2504FB850049E395 /* UIImage+Extension.swift */ = {isa = PBXFileReference; lastKnownFileType = sourcecode.swift; path = "UIImage+Extension.swift"; sourceTree = "<group>"; };
		85896A222503A0BB0000BC3F /* UIView+Extension.swift */ = {isa = PBXFileReference; lastKnownFileType = sourcecode.swift; path = "UIView+Extension.swift"; sourceTree = "<group>"; };
		85896A242503B9800000BC3F /* PRResponseModel.swift */ = {isa = PBXFileReference; lastKnownFileType = sourcecode.swift; path = PRResponseModel.swift; sourceTree = "<group>"; };
		85896A262503BBB50000BC3F /* Constants.swift */ = {isa = PBXFileReference; lastKnownFileType = sourcecode.swift; path = Constants.swift; sourceTree = "<group>"; };
		85896A282503BBDA0000BC3F /* EndPoint.swift */ = {isa = PBXFileReference; lastKnownFileType = sourcecode.swift; path = EndPoint.swift; sourceTree = "<group>"; };
		85896A2A2503BC680000BC3F /* PRRequestModel.swift */ = {isa = PBXFileReference; lastKnownFileType = sourcecode.swift; path = PRRequestModel.swift; sourceTree = "<group>"; };
		85D076D2250357CC001F8641 /* Navi.app */ = {isa = PBXFileReference; explicitFileType = wrapper.application; includeInIndex = 0; path = Navi.app; sourceTree = BUILT_PRODUCTS_DIR; };
		85D076D5250357CC001F8641 /* AppDelegate.swift */ = {isa = PBXFileReference; lastKnownFileType = sourcecode.swift; path = AppDelegate.swift; sourceTree = "<group>"; };
		85D076D7250357CC001F8641 /* SceneDelegate.swift */ = {isa = PBXFileReference; lastKnownFileType = sourcecode.swift; path = SceneDelegate.swift; sourceTree = "<group>"; };
		85D076DC250357CC001F8641 /* Base */ = {isa = PBXFileReference; lastKnownFileType = file.storyboard; name = Base; path = Base.lproj/Main.storyboard; sourceTree = "<group>"; };
		85D076DE250357CE001F8641 /* Assets.xcassets */ = {isa = PBXFileReference; lastKnownFileType = folder.assetcatalog; path = Assets.xcassets; sourceTree = "<group>"; };
		85D076E1250357CE001F8641 /* Base */ = {isa = PBXFileReference; lastKnownFileType = file.storyboard; name = Base; path = Base.lproj/LaunchScreen.storyboard; sourceTree = "<group>"; };
		85D076E3250357CE001F8641 /* Info.plist */ = {isa = PBXFileReference; lastKnownFileType = text.plist.xml; path = Info.plist; sourceTree = "<group>"; };
		85D076E8250357CE001F8641 /* NaviTests.xctest */ = {isa = PBXFileReference; explicitFileType = wrapper.cfbundle; includeInIndex = 0; path = NaviTests.xctest; sourceTree = BUILT_PRODUCTS_DIR; };
		85D076EC250357CE001F8641 /* NaviTests.swift */ = {isa = PBXFileReference; lastKnownFileType = sourcecode.swift; path = NaviTests.swift; sourceTree = "<group>"; };
		85D076EE250357CE001F8641 /* Info.plist */ = {isa = PBXFileReference; lastKnownFileType = text.plist.xml; path = Info.plist; sourceTree = "<group>"; };
		85D076F3250357CE001F8641 /* NaviUITests.xctest */ = {isa = PBXFileReference; explicitFileType = wrapper.cfbundle; includeInIndex = 0; path = NaviUITests.xctest; sourceTree = BUILT_PRODUCTS_DIR; };
		85D076F7250357CE001F8641 /* NaviUITests.swift */ = {isa = PBXFileReference; lastKnownFileType = sourcecode.swift; path = NaviUITests.swift; sourceTree = "<group>"; };
		85D076F9250357CE001F8641 /* Info.plist */ = {isa = PBXFileReference; lastKnownFileType = text.plist.xml; path = Info.plist; sourceTree = "<group>"; };
		85D0770725035D2C001F8641 /* PRListViewController.swift */ = {isa = PBXFileReference; lastKnownFileType = sourcecode.swift; path = PRListViewController.swift; sourceTree = "<group>"; };
		85F80E4E2503991700A8B890 /* PRCell.swift */ = {isa = PBXFileReference; lastKnownFileType = sourcecode.swift; path = PRCell.swift; sourceTree = "<group>"; };
		85F80E4F2503991700A8B890 /* PRCell.xib */ = {isa = PBXFileReference; lastKnownFileType = file.xib; path = PRCell.xib; sourceTree = "<group>"; };
		85F80E532503993A00A8B890 /* PRListPresenter.swift */ = {isa = PBXFileReference; lastKnownFileType = sourcecode.swift; path = PRListPresenter.swift; sourceTree = "<group>"; };
		85F80E562503996D00A8B890 /* PRListNetworkService.swift */ = {isa = PBXFileReference; lastKnownFileType = sourcecode.swift; path = PRListNetworkService.swift; sourceTree = "<group>"; };
		9B79D161FD6A728FDF25B8CF /* Pods_Navi_NaviUITests.framework */ = {isa = PBXFileReference; explicitFileType = wrapper.framework; includeInIndex = 0; path = Pods_Navi_NaviUITests.framework; sourceTree = BUILT_PRODUCTS_DIR; };
		A24F20F959DCEAF0CA701F2C /* Pods-Navi-NaviUITests.debug.xcconfig */ = {isa = PBXFileReference; includeInIndex = 1; lastKnownFileType = text.xcconfig; name = "Pods-Navi-NaviUITests.debug.xcconfig"; path = "Target Support Files/Pods-Navi-NaviUITests/Pods-Navi-NaviUITests.debug.xcconfig"; sourceTree = "<group>"; };
		B3EAB1024204B5F6382A4BEC /* Pods_NaviTests.framework */ = {isa = PBXFileReference; explicitFileType = wrapper.framework; includeInIndex = 0; path = Pods_NaviTests.framework; sourceTree = BUILT_PRODUCTS_DIR; };
		BEEDB742359A7D87383E84DD /* Pods-NaviTests.debug.xcconfig */ = {isa = PBXFileReference; includeInIndex = 1; lastKnownFileType = text.xcconfig; name = "Pods-NaviTests.debug.xcconfig"; path = "Target Support Files/Pods-NaviTests/Pods-NaviTests.debug.xcconfig"; sourceTree = "<group>"; };
		C60FE5485FA585FC829BA08A /* Pods-NaviTests.release.xcconfig */ = {isa = PBXFileReference; includeInIndex = 1; lastKnownFileType = text.xcconfig; name = "Pods-NaviTests.release.xcconfig"; path = "Target Support Files/Pods-NaviTests/Pods-NaviTests.release.xcconfig"; sourceTree = "<group>"; };
/* End PBXFileReference section */

/* Begin PBXFrameworksBuildPhase section */
		85D076CF250357CC001F8641 /* Frameworks */ = {
			isa = PBXFrameworksBuildPhase;
			buildActionMask = 2147483647;
			files = (
				1596E457D5D9BC069DE48480 /* Pods_Navi.framework in Frameworks */,
			);
			runOnlyForDeploymentPostprocessing = 0;
		};
		85D076E5250357CE001F8641 /* Frameworks */ = {
			isa = PBXFrameworksBuildPhase;
			buildActionMask = 2147483647;
			files = (
				31476529D91005978D66292A /* Pods_NaviTests.framework in Frameworks */,
			);
			runOnlyForDeploymentPostprocessing = 0;
		};
		85D076F0250357CE001F8641 /* Frameworks */ = {
			isa = PBXFrameworksBuildPhase;
			buildActionMask = 2147483647;
			files = (
				93AB32CA492B4BDF204A6957 /* Pods_Navi_NaviUITests.framework in Frameworks */,
			);
			runOnlyForDeploymentPostprocessing = 0;
		};
/* End PBXFrameworksBuildPhase section */

/* Begin PBXGroup section */
		1E83F286C7B8186B95DDC3A3 /* Frameworks */ = {
			isa = PBXGroup;
			children = (
				07E29EB163B1B24981EFE14B /* Pods_Navi.framework */,
				9B79D161FD6A728FDF25B8CF /* Pods_Navi_NaviUITests.framework */,
				B3EAB1024204B5F6382A4BEC /* Pods_NaviTests.framework */,
			);
			name = Frameworks;
			sourceTree = "<group>";
		};
		857A68182504EFBC0049E395 /* Network */ = {
			isa = PBXGroup;
			children = (
				857A68192504EFD10049E395 /* NetworkService.swift */,
			);
			path = Network;
			sourceTree = "<group>";
		};
		857A681D2504FB6A0049E395 /* Extensions */ = {
			isa = PBXGroup;
			children = (
				857A681E2504FB850049E395 /* UIImage+Extension.swift */,
			);
			path = Extensions;
			sourceTree = "<group>";
		};
		85D076C9250357CC001F8641 = {
			isa = PBXGroup;
			children = (
				85D076D4250357CC001F8641 /* Navi */,
				85D076EB250357CE001F8641 /* NaviTests */,
				85D076F6250357CE001F8641 /* NaviUITests */,
				85D076D3250357CC001F8641 /* Products */,
				B380E01BBB352CD7792CE056 /* Pods */,
				1E83F286C7B8186B95DDC3A3 /* Frameworks */,
			);
			sourceTree = "<group>";
		};
		85D076D3250357CC001F8641 /* Products */ = {
			isa = PBXGroup;
			children = (
				85D076D2250357CC001F8641 /* Navi.app */,
				85D076E8250357CE001F8641 /* NaviTests.xctest */,
				85D076F3250357CE001F8641 /* NaviUITests.xctest */,
			);
			name = Products;
			sourceTree = "<group>";
		};
		85D076D4250357CC001F8641 /* Navi */ = {
			isa = PBXGroup;
			children = (
				85F80E592503999B00A8B890 /* App */,
				85F80E582503998200A8B890 /* PRList */,
				85D076D7250357CC001F8641 /* SceneDelegate.swift */,
				85D076DB250357CC001F8641 /* Main.storyboard */,
				85D076DE250357CE001F8641 /* Assets.xcassets */,
				85D076E0250357CE001F8641 /* LaunchScreen.storyboard */,
				85D076E3250357CE001F8641 /* Info.plist */,
				85896A222503A0BB0000BC3F /* UIView+Extension.swift */,
			);
			path = Navi;
			sourceTree = "<group>";
		};
		85D076EB250357CE001F8641 /* NaviTests */ = {
			isa = PBXGroup;
			children = (
				85D076EC250357CE001F8641 /* NaviTests.swift */,
				85D076EE250357CE001F8641 /* Info.plist */,
			);
			path = NaviTests;
			sourceTree = "<group>";
		};
		85D076F6250357CE001F8641 /* NaviUITests */ = {
			isa = PBXGroup;
			children = (
				85D076F7250357CE001F8641 /* NaviUITests.swift */,
				85D076F9250357CE001F8641 /* Info.plist */,
			);
			path = NaviUITests;
			sourceTree = "<group>";
		};
		85D0770525035CFB001F8641 /* View */ = {
			isa = PBXGroup;
			children = (
				85F80E4D250398EB00A8B890 /* Cells */,
				85F80E4C250398D000A8B890 /* Storyboard */,
				85D0770625035D0D001F8641 /* ViewController */,
			);
			path = View;
			sourceTree = "<group>";
		};
		85D0770625035D0D001F8641 /* ViewController */ = {
			isa = PBXGroup;
			children = (
				85D0770725035D2C001F8641 /* PRListViewController.swift */,
			);
			path = ViewController;
			sourceTree = "<group>";
		};
		85F80E4C250398D000A8B890 /* Storyboard */ = {
			isa = PBXGroup;
			children = (
			);
			path = Storyboard;
			sourceTree = "<group>";
		};
		85F80E4D250398EB00A8B890 /* Cells */ = {
			isa = PBXGroup;
			children = (
				85F80E4E2503991700A8B890 /* PRCell.swift */,
				85F80E4F2503991700A8B890 /* PRCell.xib */,
			);
			path = Cells;
			sourceTree = "<group>";
		};
		85F80E522503992100A8B890 /* Presenter */ = {
			isa = PBXGroup;
			children = (
				85F80E532503993A00A8B890 /* PRListPresenter.swift */,
			);
			path = Presenter;
			sourceTree = "<group>";
		};
		85F80E552503994800A8B890 /* Model */ = {
			isa = PBXGroup;
			children = (
				85F80E562503996D00A8B890 /* PRListNetworkService.swift */,
				85896A242503B9800000BC3F /* PRResponseModel.swift */,
				85896A2A2503BC680000BC3F /* PRRequestModel.swift */,
				857A681B2504F31D0049E395 /* AvatarNetworkService.swift */,
			);
			path = Model;
			sourceTree = "<group>";
		};
		85F80E582503998200A8B890 /* PRList */ = {
			isa = PBXGroup;
			children = (
				85D0770525035CFB001F8641 /* View */,
				85F80E522503992100A8B890 /* Presenter */,
				85F80E552503994800A8B890 /* Model */,
			);
			path = PRList;
			sourceTree = "<group>";
		};
		85F80E592503999B00A8B890 /* App */ = {
			isa = PBXGroup;
			children = (
				857A681D2504FB6A0049E395 /* Extensions */,
				857A68182504EFBC0049E395 /* Network */,
				85F80E5A250399A600A8B890 /* AppDelegate */,
				85896A262503BBB50000BC3F /* Constants.swift */,
				85896A282503BBDA0000BC3F /* EndPoint.swift */,
				857A68142504AB180049E395 /* DateUtility.swift */,
			);
			path = App;
			sourceTree = "<group>";
		};
		85F80E5A250399A600A8B890 /* AppDelegate */ = {
			isa = PBXGroup;
			children = (
				85D076D5250357CC001F8641 /* AppDelegate.swift */,
			);
			path = AppDelegate;
			sourceTree = "<group>";
		};
		B380E01BBB352CD7792CE056 /* Pods */ = {
			isa = PBXGroup;
			children = (
				2D2D49058A797B4AADBD279A /* Pods-Navi.debug.xcconfig */,
				5B3AEFF4DE5E6549F655963C /* Pods-Navi.release.xcconfig */,
				A24F20F959DCEAF0CA701F2C /* Pods-Navi-NaviUITests.debug.xcconfig */,
				129B41E0A4A15F7BE9BBD177 /* Pods-Navi-NaviUITests.release.xcconfig */,
				BEEDB742359A7D87383E84DD /* Pods-NaviTests.debug.xcconfig */,
				C60FE5485FA585FC829BA08A /* Pods-NaviTests.release.xcconfig */,
			);
			path = Pods;
			sourceTree = "<group>";
		};
/* End PBXGroup section */

/* Begin PBXNativeTarget section */
		85D076D1250357CC001F8641 /* Navi */ = {
			isa = PBXNativeTarget;
			buildConfigurationList = 85D076FC250357CE001F8641 /* Build configuration list for PBXNativeTarget "Navi" */;
			buildPhases = (
				9831099490544599D63E2956 /* [CP] Check Pods Manifest.lock */,
				85D076CE250357CC001F8641 /* Sources */,
				85D076CF250357CC001F8641 /* Frameworks */,
				85D076D0250357CC001F8641 /* Resources */,
				E3EF1AA8CF305F2A612CEC60 /* [CP] Embed Pods Frameworks */,
			);
			buildRules = (
			);
			dependencies = (
			);
			name = Navi;
			productName = Navi;
			productReference = 85D076D2250357CC001F8641 /* Navi.app */;
			productType = "com.apple.product-type.application";
		};
		85D076E7250357CE001F8641 /* NaviTests */ = {
			isa = PBXNativeTarget;
			buildConfigurationList = 85D076FF250357CE001F8641 /* Build configuration list for PBXNativeTarget "NaviTests" */;
			buildPhases = (
				4305D2B0897CA45DD824352F /* [CP] Check Pods Manifest.lock */,
				85D076E4250357CE001F8641 /* Sources */,
				85D076E5250357CE001F8641 /* Frameworks */,
				85D076E6250357CE001F8641 /* Resources */,
			);
			buildRules = (
			);
			dependencies = (
				85D076EA250357CE001F8641 /* PBXTargetDependency */,
			);
			name = NaviTests;
			productName = NaviTests;
			productReference = 85D076E8250357CE001F8641 /* NaviTests.xctest */;
			productType = "com.apple.product-type.bundle.unit-test";
		};
		85D076F2250357CE001F8641 /* NaviUITests */ = {
			isa = PBXNativeTarget;
			buildConfigurationList = 85D07702250357CE001F8641 /* Build configuration list for PBXNativeTarget "NaviUITests" */;
			buildPhases = (
				49CFBB7A0D9A5C65BE735F8E /* [CP] Check Pods Manifest.lock */,
				85D076EF250357CE001F8641 /* Sources */,
				85D076F0250357CE001F8641 /* Frameworks */,
				85D076F1250357CE001F8641 /* Resources */,
				7110AAAD0D2FB0AA107E0BF4 /* [CP] Embed Pods Frameworks */,
			);
			buildRules = (
			);
			dependencies = (
				85D076F5250357CE001F8641 /* PBXTargetDependency */,
			);
			name = NaviUITests;
			productName = NaviUITests;
			productReference = 85D076F3250357CE001F8641 /* NaviUITests.xctest */;
			productType = "com.apple.product-type.bundle.ui-testing";
		};
/* End PBXNativeTarget section */

/* Begin PBXProject section */
		85D076CA250357CC001F8641 /* Project object */ = {
			isa = PBXProject;
			attributes = {
				LastSwiftUpdateCheck = 1130;
				LastUpgradeCheck = 1130;
				ORGANIZATIONNAME = Jushrita;
				TargetAttributes = {
					85D076D1250357CC001F8641 = {
						CreatedOnToolsVersion = 11.3.1;
					};
					85D076E7250357CE001F8641 = {
						CreatedOnToolsVersion = 11.3.1;
						TestTargetID = 85D076D1250357CC001F8641;
					};
					85D076F2250357CE001F8641 = {
						CreatedOnToolsVersion = 11.3.1;
						TestTargetID = 85D076D1250357CC001F8641;
					};
				};
			};
			buildConfigurationList = 85D076CD250357CC001F8641 /* Build configuration list for PBXProject "Navi" */;
			compatibilityVersion = "Xcode 9.3";
			developmentRegion = en;
			hasScannedForEncodings = 0;
			knownRegions = (
				en,
				Base,
			);
			mainGroup = 85D076C9250357CC001F8641;
			productRefGroup = 85D076D3250357CC001F8641 /* Products */;
			projectDirPath = "";
			projectRoot = "";
			targets = (
				85D076D1250357CC001F8641 /* Navi */,
				85D076E7250357CE001F8641 /* NaviTests */,
				85D076F2250357CE001F8641 /* NaviUITests */,
			);
		};
/* End PBXProject section */

/* Begin PBXResourcesBuildPhase section */
		85D076D0250357CC001F8641 /* Resources */ = {
			isa = PBXResourcesBuildPhase;
			buildActionMask = 2147483647;
			files = (
				85D076E2250357CE001F8641 /* LaunchScreen.storyboard in Resources */,
				85F80E512503991700A8B890 /* PRCell.xib in Resources */,
				85D076DF250357CE001F8641 /* Assets.xcassets in Resources */,
				85D076DD250357CC001F8641 /* Main.storyboard in Resources */,
			);
			runOnlyForDeploymentPostprocessing = 0;
		};
		85D076E6250357CE001F8641 /* Resources */ = {
			isa = PBXResourcesBuildPhase;
			buildActionMask = 2147483647;
			files = (
			);
			runOnlyForDeploymentPostprocessing = 0;
		};
		85D076F1250357CE001F8641 /* Resources */ = {
			isa = PBXResourcesBuildPhase;
			buildActionMask = 2147483647;
			files = (
			);
			runOnlyForDeploymentPostprocessing = 0;
		};
/* End PBXResourcesBuildPhase section */

/* Begin PBXShellScriptBuildPhase section */
		4305D2B0897CA45DD824352F /* [CP] Check Pods Manifest.lock */ = {
			isa = PBXShellScriptBuildPhase;
			buildActionMask = 2147483647;
			files = (
			);
			inputFileListPaths = (
			);
			inputPaths = (
				"${PODS_PODFILE_DIR_PATH}/Podfile.lock",
				"${PODS_ROOT}/Manifest.lock",
			);
			name = "[CP] Check Pods Manifest.lock";
			outputFileListPaths = (
			);
			outputPaths = (
				"$(DERIVED_FILE_DIR)/Pods-NaviTests-checkManifestLockResult.txt",
			);
			runOnlyForDeploymentPostprocessing = 0;
			shellPath = /bin/sh;
			shellScript = "diff \"${PODS_PODFILE_DIR_PATH}/Podfile.lock\" \"${PODS_ROOT}/Manifest.lock\" > /dev/null\nif [ $? != 0 ] ; then\n    # print error to STDERR\n    echo \"error: The sandbox is not in sync with the Podfile.lock. Run 'pod install' or update your CocoaPods installation.\" >&2\n    exit 1\nfi\n# This output is used by Xcode 'outputs' to avoid re-running this script phase.\necho \"SUCCESS\" > \"${SCRIPT_OUTPUT_FILE_0}\"\n";
			showEnvVarsInLog = 0;
		};
		49CFBB7A0D9A5C65BE735F8E /* [CP] Check Pods Manifest.lock */ = {
			isa = PBXShellScriptBuildPhase;
			buildActionMask = 2147483647;
			files = (
			);
			inputFileListPaths = (
			);
			inputPaths = (
				"${PODS_PODFILE_DIR_PATH}/Podfile.lock",
				"${PODS_ROOT}/Manifest.lock",
			);
			name = "[CP] Check Pods Manifest.lock";
			outputFileListPaths = (
			);
			outputPaths = (
				"$(DERIVED_FILE_DIR)/Pods-Navi-NaviUITests-checkManifestLockResult.txt",
			);
			runOnlyForDeploymentPostprocessing = 0;
			shellPath = /bin/sh;
			shellScript = "diff \"${PODS_PODFILE_DIR_PATH}/Podfile.lock\" \"${PODS_ROOT}/Manifest.lock\" > /dev/null\nif [ $? != 0 ] ; then\n    # print error to STDERR\n    echo \"error: The sandbox is not in sync with the Podfile.lock. Run 'pod install' or update your CocoaPods installation.\" >&2\n    exit 1\nfi\n# This output is used by Xcode 'outputs' to avoid re-running this script phase.\necho \"SUCCESS\" > \"${SCRIPT_OUTPUT_FILE_0}\"\n";
			showEnvVarsInLog = 0;
		};
		7110AAAD0D2FB0AA107E0BF4 /* [CP] Embed Pods Frameworks */ = {
			isa = PBXShellScriptBuildPhase;
			buildActionMask = 2147483647;
			files = (
			);
			inputFileListPaths = (
				"${PODS_ROOT}/Target Support Files/Pods-Navi-NaviUITests/Pods-Navi-NaviUITests-frameworks-${CONFIGURATION}-input-files.xcfilelist",
			);
			name = "[CP] Embed Pods Frameworks";
			outputFileListPaths = (
				"${PODS_ROOT}/Target Support Files/Pods-Navi-NaviUITests/Pods-Navi-NaviUITests-frameworks-${CONFIGURATION}-output-files.xcfilelist",
			);
			runOnlyForDeploymentPostprocessing = 0;
			shellPath = /bin/sh;
			shellScript = "\"${PODS_ROOT}/Target Support Files/Pods-Navi-NaviUITests/Pods-Navi-NaviUITests-frameworks.sh\"\n";
			showEnvVarsInLog = 0;
		};
		9831099490544599D63E2956 /* [CP] Check Pods Manifest.lock */ = {
			isa = PBXShellScriptBuildPhase;
			buildActionMask = 2147483647;
			files = (
			);
			inputFileListPaths = (
			);
			inputPaths = (
				"${PODS_PODFILE_DIR_PATH}/Podfile.lock",
				"${PODS_ROOT}/Manifest.lock",
			);
			name = "[CP] Check Pods Manifest.lock";
			outputFileListPaths = (
			);
			outputPaths = (
				"$(DERIVED_FILE_DIR)/Pods-Navi-checkManifestLockResult.txt",
			);
			runOnlyForDeploymentPostprocessing = 0;
			shellPath = /bin/sh;
			shellScript = "diff \"${PODS_PODFILE_DIR_PATH}/Podfile.lock\" \"${PODS_ROOT}/Manifest.lock\" > /dev/null\nif [ $? != 0 ] ; then\n    # print error to STDERR\n    echo \"error: The sandbox is not in sync with the Podfile.lock. Run 'pod install' or update your CocoaPods installation.\" >&2\n    exit 1\nfi\n# This output is used by Xcode 'outputs' to avoid re-running this script phase.\necho \"SUCCESS\" > \"${SCRIPT_OUTPUT_FILE_0}\"\n";
			showEnvVarsInLog = 0;
		};
		E3EF1AA8CF305F2A612CEC60 /* [CP] Embed Pods Frameworks */ = {
			isa = PBXShellScriptBuildPhase;
			buildActionMask = 2147483647;
			files = (
			);
			inputFileListPaths = (
				"${PODS_ROOT}/Target Support Files/Pods-Navi/Pods-Navi-frameworks-${CONFIGURATION}-input-files.xcfilelist",
			);
			name = "[CP] Embed Pods Frameworks";
			outputFileListPaths = (
				"${PODS_ROOT}/Target Support Files/Pods-Navi/Pods-Navi-frameworks-${CONFIGURATION}-output-files.xcfilelist",
			);
			runOnlyForDeploymentPostprocessing = 0;
			shellPath = /bin/sh;
			shellScript = "\"${PODS_ROOT}/Target Support Files/Pods-Navi/Pods-Navi-frameworks.sh\"\n";
			showEnvVarsInLog = 0;
		};
/* End PBXShellScriptBuildPhase section */

/* Begin PBXSourcesBuildPhase section */
		85D076CE250357CC001F8641 /* Sources */ = {
			isa = PBXSourcesBuildPhase;
			buildActionMask = 2147483647;
			files = (
				85D076D6250357CC001F8641 /* AppDelegate.swift in Sources */,
				85F80E542503993A00A8B890 /* PRListPresenter.swift in Sources */,
				85896A252503B9800000BC3F /* PRResponseModel.swift in Sources */,
				85D0770825035D2C001F8641 /* PRListViewController.swift in Sources */,
				85F80E502503991700A8B890 /* PRCell.swift in Sources */,
				857A681C2504F31D0049E395 /* AvatarNetworkService.swift in Sources */,
				85896A292503BBDA0000BC3F /* EndPoint.swift in Sources */,
				85896A2B2503BC680000BC3F /* PRRequestModel.swift in Sources */,
				85896A232503A0BB0000BC3F /* UIView+Extension.swift in Sources */,
				85F80E572503996D00A8B890 /* PRListNetworkService.swift in Sources */,
				85D076D8250357CC001F8641 /* SceneDelegate.swift in Sources */,
				857A68152504AB180049E395 /* DateUtility.swift in Sources */,
				857A681F2504FB850049E395 /* UIImage+Extension.swift in Sources */,
				857A681A2504EFD10049E395 /* NetworkService.swift in Sources */,
				85896A272503BBB50000BC3F /* Constants.swift in Sources */,
			);
			runOnlyForDeploymentPostprocessing = 0;
		};
		85D076E4250357CE001F8641 /* Sources */ = {
			isa = PBXSourcesBuildPhase;
			buildActionMask = 2147483647;
			files = (
				85D076ED250357CE001F8641 /* NaviTests.swift in Sources */,
			);
			runOnlyForDeploymentPostprocessing = 0;
		};
		85D076EF250357CE001F8641 /* Sources */ = {
			isa = PBXSourcesBuildPhase;
			buildActionMask = 2147483647;
			files = (
				85D076F8250357CE001F8641 /* NaviUITests.swift in Sources */,
			);
			runOnlyForDeploymentPostprocessing = 0;
		};
/* End PBXSourcesBuildPhase section */

/* Begin PBXTargetDependency section */
		85D076EA250357CE001F8641 /* PBXTargetDependency */ = {
			isa = PBXTargetDependency;
			target = 85D076D1250357CC001F8641 /* Navi */;
			targetProxy = 85D076E9250357CE001F8641 /* PBXContainerItemProxy */;
		};
		85D076F5250357CE001F8641 /* PBXTargetDependency */ = {
			isa = PBXTargetDependency;
			target = 85D076D1250357CC001F8641 /* Navi */;
			targetProxy = 85D076F4250357CE001F8641 /* PBXContainerItemProxy */;
		};
/* End PBXTargetDependency section */

/* Begin PBXVariantGroup section */
		85D076DB250357CC001F8641 /* Main.storyboard */ = {
			isa = PBXVariantGroup;
			children = (
				85D076DC250357CC001F8641 /* Base */,
			);
			name = Main.storyboard;
			sourceTree = "<group>";
		};
		85D076E0250357CE001F8641 /* LaunchScreen.storyboard */ = {
			isa = PBXVariantGroup;
			children = (
				85D076E1250357CE001F8641 /* Base */,
			);
			name = LaunchScreen.storyboard;
			sourceTree = "<group>";
		};
/* End PBXVariantGroup section */

/* Begin XCBuildConfiguration section */
		85D076FA250357CE001F8641 /* Debug */ = {
			isa = XCBuildConfiguration;
			buildSettings = {
				ALWAYS_SEARCH_USER_PATHS = NO;
				CLANG_ANALYZER_NONNULL = YES;
				CLANG_ANALYZER_NUMBER_OBJECT_CONVERSION = YES_AGGRESSIVE;
				CLANG_CXX_LANGUAGE_STANDARD = "gnu++14";
				CLANG_CXX_LIBRARY = "libc++";
				CLANG_ENABLE_MODULES = YES;
				CLANG_ENABLE_OBJC_ARC = YES;
				CLANG_ENABLE_OBJC_WEAK = YES;
				CLANG_WARN_BLOCK_CAPTURE_AUTORELEASING = YES;
				CLANG_WARN_BOOL_CONVERSION = YES;
				CLANG_WARN_COMMA = YES;
				CLANG_WARN_CONSTANT_CONVERSION = YES;
				CLANG_WARN_DEPRECATED_OBJC_IMPLEMENTATIONS = YES;
				CLANG_WARN_DIRECT_OBJC_ISA_USAGE = YES_ERROR;
				CLANG_WARN_DOCUMENTATION_COMMENTS = YES;
				CLANG_WARN_EMPTY_BODY = YES;
				CLANG_WARN_ENUM_CONVERSION = YES;
				CLANG_WARN_INFINITE_RECURSION = YES;
				CLANG_WARN_INT_CONVERSION = YES;
				CLANG_WARN_NON_LITERAL_NULL_CONVERSION = YES;
				CLANG_WARN_OBJC_IMPLICIT_RETAIN_SELF = YES;
				CLANG_WARN_OBJC_LITERAL_CONVERSION = YES;
				CLANG_WARN_OBJC_ROOT_CLASS = YES_ERROR;
				CLANG_WARN_RANGE_LOOP_ANALYSIS = YES;
				CLANG_WARN_STRICT_PROTOTYPES = YES;
				CLANG_WARN_SUSPICIOUS_MOVE = YES;
				CLANG_WARN_UNGUARDED_AVAILABILITY = YES_AGGRESSIVE;
				CLANG_WARN_UNREACHABLE_CODE = YES;
				CLANG_WARN__DUPLICATE_METHOD_MATCH = YES;
				COPY_PHASE_STRIP = NO;
				DEBUG_INFORMATION_FORMAT = dwarf;
				ENABLE_STRICT_OBJC_MSGSEND = YES;
				ENABLE_TESTABILITY = YES;
				GCC_C_LANGUAGE_STANDARD = gnu11;
				GCC_DYNAMIC_NO_PIC = NO;
				GCC_NO_COMMON_BLOCKS = YES;
				GCC_OPTIMIZATION_LEVEL = 0;
				GCC_PREPROCESSOR_DEFINITIONS = (
					"DEBUG=1",
					"$(inherited)",
				);
				GCC_WARN_64_TO_32_BIT_CONVERSION = YES;
				GCC_WARN_ABOUT_RETURN_TYPE = YES_ERROR;
				GCC_WARN_UNDECLARED_SELECTOR = YES;
				GCC_WARN_UNINITIALIZED_AUTOS = YES_AGGRESSIVE;
				GCC_WARN_UNUSED_FUNCTION = YES;
				GCC_WARN_UNUSED_VARIABLE = YES;
				IPHONEOS_DEPLOYMENT_TARGET = 13.2;
				MTL_ENABLE_DEBUG_INFO = INCLUDE_SOURCE;
				MTL_FAST_MATH = YES;
				ONLY_ACTIVE_ARCH = YES;
				SDKROOT = iphoneos;
				SWIFT_ACTIVE_COMPILATION_CONDITIONS = DEBUG;
				SWIFT_OPTIMIZATION_LEVEL = "-Onone";
			};
			name = Debug;
		};
		85D076FB250357CE001F8641 /* Release */ = {
			isa = XCBuildConfiguration;
			buildSettings = {
				ALWAYS_SEARCH_USER_PATHS = NO;
				CLANG_ANALYZER_NONNULL = YES;
				CLANG_ANALYZER_NUMBER_OBJECT_CONVERSION = YES_AGGRESSIVE;
				CLANG_CXX_LANGUAGE_STANDARD = "gnu++14";
				CLANG_CXX_LIBRARY = "libc++";
				CLANG_ENABLE_MODULES = YES;
				CLANG_ENABLE_OBJC_ARC = YES;
				CLANG_ENABLE_OBJC_WEAK = YES;
				CLANG_WARN_BLOCK_CAPTURE_AUTORELEASING = YES;
				CLANG_WARN_BOOL_CONVERSION = YES;
				CLANG_WARN_COMMA = YES;
				CLANG_WARN_CONSTANT_CONVERSION = YES;
				CLANG_WARN_DEPRECATED_OBJC_IMPLEMENTATIONS = YES;
				CLANG_WARN_DIRECT_OBJC_ISA_USAGE = YES_ERROR;
				CLANG_WARN_DOCUMENTATION_COMMENTS = YES;
				CLANG_WARN_EMPTY_BODY = YES;
				CLANG_WARN_ENUM_CONVERSION = YES;
				CLANG_WARN_INFINITE_RECURSION = YES;
				CLANG_WARN_INT_CONVERSION = YES;
				CLANG_WARN_NON_LITERAL_NULL_CONVERSION = YES;
				CLANG_WARN_OBJC_IMPLICIT_RETAIN_SELF = YES;
				CLANG_WARN_OBJC_LITERAL_CONVERSION = YES;
				CLANG_WARN_OBJC_ROOT_CLASS = YES_ERROR;
				CLANG_WARN_RANGE_LOOP_ANALYSIS = YES;
				CLANG_WARN_STRICT_PROTOTYPES = YES;
				CLANG_WARN_SUSPICIOUS_MOVE = YES;
				CLANG_WARN_UNGUARDED_AVAILABILITY = YES_AGGRESSIVE;
				CLANG_WARN_UNREACHABLE_CODE = YES;
				CLANG_WARN__DUPLICATE_METHOD_MATCH = YES;
				COPY_PHASE_STRIP = NO;
				DEBUG_INFORMATION_FORMAT = "dwarf-with-dsym";
				ENABLE_NS_ASSERTIONS = NO;
				ENABLE_STRICT_OBJC_MSGSEND = YES;
				GCC_C_LANGUAGE_STANDARD = gnu11;
				GCC_NO_COMMON_BLOCKS = YES;
				GCC_WARN_64_TO_32_BIT_CONVERSION = YES;
				GCC_WARN_ABOUT_RETURN_TYPE = YES_ERROR;
				GCC_WARN_UNDECLARED_SELECTOR = YES;
				GCC_WARN_UNINITIALIZED_AUTOS = YES_AGGRESSIVE;
				GCC_WARN_UNUSED_FUNCTION = YES;
				GCC_WARN_UNUSED_VARIABLE = YES;
				IPHONEOS_DEPLOYMENT_TARGET = 13.2;
				MTL_ENABLE_DEBUG_INFO = NO;
				MTL_FAST_MATH = YES;
				SDKROOT = iphoneos;
				SWIFT_COMPILATION_MODE = wholemodule;
				SWIFT_OPTIMIZATION_LEVEL = "-O";
				VALIDATE_PRODUCT = YES;
			};
			name = Release;
		};
		85D076FD250357CE001F8641 /* Debug */ = {
			isa = XCBuildConfiguration;
			baseConfigurationReference = 2D2D49058A797B4AADBD279A /* Pods-Navi.debug.xcconfig */;
			buildSettings = {
				ASSETCATALOG_COMPILER_APPICON_NAME = AppIcon;
				CODE_SIGN_STYLE = Automatic;
				INFOPLIST_FILE = Navi/Info.plist;
				LD_RUNPATH_SEARCH_PATHS = (
					"$(inherited)",
					"@executable_path/Frameworks",
				);
				PRODUCT_BUNDLE_IDENTIFIER = test.Navi;
				PRODUCT_NAME = "$(TARGET_NAME)";
				SWIFT_VERSION = 5.0;
				TARGETED_DEVICE_FAMILY = "1,2";
			};
			name = Debug;
		};
		85D076FE250357CE001F8641 /* Release */ = {
			isa = XCBuildConfiguration;
			baseConfigurationReference = 5B3AEFF4DE5E6549F655963C /* Pods-Navi.release.xcconfig */;
			buildSettings = {
				ASSETCATALOG_COMPILER_APPICON_NAME = AppIcon;
				CODE_SIGN_STYLE = Automatic;
				INFOPLIST_FILE = Navi/Info.plist;
				LD_RUNPATH_SEARCH_PATHS = (
					"$(inherited)",
					"@executable_path/Frameworks",
				);
				PRODUCT_BUNDLE_IDENTIFIER = test.Navi;
				PRODUCT_NAME = "$(TARGET_NAME)";
				SWIFT_VERSION = 5.0;
				TARGETED_DEVICE_FAMILY = "1,2";
			};
			name = Release;
		};
		85D07700250357CE001F8641 /* Debug */ = {
			isa = XCBuildConfiguration;
			baseConfigurationReference = BEEDB742359A7D87383E84DD /* Pods-NaviTests.debug.xcconfig */;
			buildSettings = {
				ALWAYS_EMBED_SWIFT_STANDARD_LIBRARIES = YES;
				BUNDLE_LOADER = "$(TEST_HOST)";
				CODE_SIGN_STYLE = Automatic;
				INFOPLIST_FILE = NaviTests/Info.plist;
				IPHONEOS_DEPLOYMENT_TARGET = 13.2;
				LD_RUNPATH_SEARCH_PATHS = (
					"$(inherited)",
					"@executable_path/Frameworks",
					"@loader_path/Frameworks",
				);
				PRODUCT_BUNDLE_IDENTIFIER = test.NaviTests;
				PRODUCT_NAME = "$(TARGET_NAME)";
				SWIFT_VERSION = 5.0;
				TARGETED_DEVICE_FAMILY = "1,2";
				TEST_HOST = "$(BUILT_PRODUCTS_DIR)/Navi.app/Navi";
			};
			name = Debug;
		};
		85D07701250357CE001F8641 /* Release */ = {
			isa = XCBuildConfiguration;
			baseConfigurationReference = C60FE5485FA585FC829BA08A /* Pods-NaviTests.release.xcconfig */;
			buildSettings = {
				ALWAYS_EMBED_SWIFT_STANDARD_LIBRARIES = YES;
				BUNDLE_LOADER = "$(TEST_HOST)";
				CODE_SIGN_STYLE = Automatic;
				INFOPLIST_FILE = NaviTests/Info.plist;
				IPHONEOS_DEPLOYMENT_TARGET = 13.2;
				LD_RUNPATH_SEARCH_PATHS = (
					"$(inherited)",
					"@executable_path/Frameworks",
					"@loader_path/Frameworks",
				);
				PRODUCT_BUNDLE_IDENTIFIER = test.NaviTests;
				PRODUCT_NAME = "$(TARGET_NAME)";
				SWIFT_VERSION = 5.0;
				TARGETED_DEVICE_FAMILY = "1,2";
				TEST_HOST = "$(BUILT_PRODUCTS_DIR)/Navi.app/Navi";
			};
			name = Release;
		};
		85D07703250357CE001F8641 /* Debug */ = {
			isa = XCBuildConfiguration;
			baseConfigurationReference = A24F20F959DCEAF0CA701F2C /* Pods-Navi-NaviUITests.debug.xcconfig */;
			buildSettings = {
				ALWAYS_EMBED_SWIFT_STANDARD_LIBRARIES = YES;
				CODE_SIGN_STYLE = Automatic;
				INFOPLIST_FILE = NaviUITests/Info.plist;
				LD_RUNPATH_SEARCH_PATHS = (
					"$(inherited)",
					"@executable_path/Frameworks",
					"@loader_path/Frameworks",
				);
				PRODUCT_BUNDLE_IDENTIFIER = test.NaviUITests;
				PRODUCT_NAME = "$(TARGET_NAME)";
				SWIFT_VERSION = 5.0;
				TARGETED_DEVICE_FAMILY = "1,2";
				TEST_TARGET_NAME = Navi;
			};
			name = Debug;
		};
		85D07704250357CE001F8641 /* Release */ = {
			isa = XCBuildConfiguration;
			baseConfigurationReference = 129B41E0A4A15F7BE9BBD177 /* Pods-Navi-NaviUITests.release.xcconfig */;
			buildSettings = {
				ALWAYS_EMBED_SWIFT_STANDARD_LIBRARIES = YES;
				CODE_SIGN_STYLE = Automatic;
				INFOPLIST_FILE = NaviUITests/Info.plist;
				LD_RUNPATH_SEARCH_PATHS = (
					"$(inherited)",
					"@executable_path/Frameworks",
					"@loader_path/Frameworks",
				);
				PRODUCT_BUNDLE_IDENTIFIER = test.NaviUITests;
				PRODUCT_NAME = "$(TARGET_NAME)";
				SWIFT_VERSION = 5.0;
				TARGETED_DEVICE_FAMILY = "1,2";
				TEST_TARGET_NAME = Navi;
			};
			name = Release;
		};
/* End XCBuildConfiguration section */

/* Begin XCConfigurationList section */
		85D076CD250357CC001F8641 /* Build configuration list for PBXProject "Navi" */ = {
			isa = XCConfigurationList;
			buildConfigurations = (
				85D076FA250357CE001F8641 /* Debug */,
				85D076FB250357CE001F8641 /* Release */,
			);
			defaultConfigurationIsVisible = 0;
			defaultConfigurationName = Release;
		};
		85D076FC250357CE001F8641 /* Build configuration list for PBXNativeTarget "Navi" */ = {
			isa = XCConfigurationList;
			buildConfigurations = (
				85D076FD250357CE001F8641 /* Debug */,
				85D076FE250357CE001F8641 /* Release */,
			);
			defaultConfigurationIsVisible = 0;
			defaultConfigurationName = Release;
		};
		85D076FF250357CE001F8641 /* Build configuration list for PBXNativeTarget "NaviTests" */ = {
			isa = XCConfigurationList;
			buildConfigurations = (
				85D07700250357CE001F8641 /* Debug */,
				85D07701250357CE001F8641 /* Release */,
			);
			defaultConfigurationIsVisible = 0;
			defaultConfigurationName = Release;
		};
		85D07702250357CE001F8641 /* Build configuration list for PBXNativeTarget "NaviUITests" */ = {
			isa = XCConfigurationList;
			buildConfigurations = (
				85D07703250357CE001F8641 /* Debug */,
				85D07704250357CE001F8641 /* Release */,
			);
			defaultConfigurationIsVisible = 0;
			defaultConfigurationName = Release;
		};
/* End XCConfigurationList section */
	};
	rootObject = 85D076CA250357CC001F8641 /* Project object */;
}
